
Microsoft Visual Studio Solution File, Format Version 12.00
# Visual Studio Version 16
VisualStudioVersion = 16.0.31005.135
MinimumVisualStudioVersion = 10.0.40219.1
Project("{FAE04EC0-301F-11D3-BF4B-00C04F79EFBC}") = "join BC", "Join-Bc.1.0\join BC.csproj", "{1E0F5C18-FDB1-4528-A6E5-F95E7BC1A887}"
EndProject
Global
	GlobalSection(SolutionConfigurationPlatforms) = preSolution
		Debug|Any CPU = Debug|Any CPU
		Release|Any CPU = Release|Any CPU
	EndGlobalSection
	GlobalSection(ProjectConfigurationPlatforms) = postSolution
		{1E0F5C18-FDB1-4528-A6E5-F95E7BC1A887}.Debug|Any CPU.ActiveCfg = Debug|Any CPU
		{1E0F5C18-FDB1-4528-A6E5-F95E7BC1A887}.Debug|Any CPU.Build.0 = Debug|Any CPU
		{1E0F5C18-FDB1-4528-A6E5-F95E7BC1A887}.Release|Any CPU.ActiveCfg = Release|Any CPU
		{1E0F5C18-FDB1-4528-A6E5-F95E7BC1A887}.Release|Any CPU.Build.0 = Release|Any CPU
	EndGlobalSection
	GlobalSection(SolutionProperties) = preSolution
		HideSolutionNode = FALSE
	EndGlobalSection
	GlobalSection(ExtensibilityGlobals) = postSolution
		SolutionGuid = {ABE9C41B-142B-4785-BC4A-D3F3CC42C60A}
	EndGlobalSection
EndGlobal
